
Microsoft Visual Studio Solution File, Format Version 12.00
# Visual Studio Version 16
VisualStudioVersion = 16.0.31624.102
MinimumVisualStudioVersion = 10.0.40219.1
Project("{9A19103F-16F7-4668-BE54-9A1E7A4F7556}") = "IR.FirstBlazorWasm.Client", "IR.FirstBlazorWasm\Client\IR.FirstBlazorWasm.Client.csproj", "{B4DB3342-D68B-47A3-812F-23FF5B21087A}"
EndProject
Project("{9A19103F-16F7-4668-BE54-9A1E7A4F7556}") = "IR.FirstBlazorWasm.Shared", "IR.FirstBlazorWasm\Shared\IR.FirstBlazorWasm.Shared.csproj", "{3BC5CD88-6515-4084-96F4-A8AF7E675CD5}"
EndProject
Project("{00D1A9C2-B5F0-4AF3-8072-F6C62B433612}") = "IR.FirstBlazorWasm.DbDeploy", "IR.FirstBlazorWasm.DbDeploy\IR.FirstBlazorWasm.DbDeploy.sqlproj", "{388218CB-CD29-4C39-B2F2-265638802202}"
EndProject
Project("{FAE04EC0-301F-11D3-BF4B-00C04F79EFBC}") = "IR.FirstBlazor.Wasm.API", "IR.FirstBlazor.Wasm.API\IR.FirstBlazor.Wasm.API.csproj", "{C085BD20-CAA5-4791-9D8A-90BF3DC1CBBB}"
EndProject
Project("{FAE04EC0-301F-11D3-BF4B-00C04F79EFBC}") = "IR.FirstBlazorWasm.DAL", "IR.FirstBlazorWasm.DAL\IR.FirstBlazorWasm.DAL.csproj", "{A37A7B77-720B-4464-BBEA-979B6626C2DE}"
EndProject
Project("{FAE04EC0-301F-11D3-BF4B-00C04F79EFBC}") = "IR.FirstBlazorWasm.Dto", "IR.FirstBlazorWasm.Dto\IR.FirstBlazorWasm.Dto.csproj", "{2E44B5C9-D5A1-43BE-8C24-804273CDA4CA}"
EndProject
Global
	GlobalSection(SolutionConfigurationPlatforms) = preSolution
		Debug|Any CPU = Debug|Any CPU
		Release|Any CPU = Release|Any CPU
	EndGlobalSection
	GlobalSection(ProjectConfigurationPlatforms) = postSolution
		{B4DB3342-D68B-47A3-812F-23FF5B21087A}.Debug|Any CPU.ActiveCfg = Debug|Any CPU
		{B4DB3342-D68B-47A3-812F-23FF5B21087A}.Debug|Any CPU.Build.0 = Debug|Any CPU
		{B4DB3342-D68B-47A3-812F-23FF5B21087A}.Release|Any CPU.ActiveCfg = Release|Any CPU
		{B4DB3342-D68B-47A3-812F-23FF5B21087A}.Release|Any CPU.Build.0 = Release|Any CPU
		{3BC5CD88-6515-4084-96F4-A8AF7E675CD5}.Debug|Any CPU.ActiveCfg = Debug|Any CPU
		{3BC5CD88-6515-4084-96F4-A8AF7E675CD5}.Debug|Any CPU.Build.0 = Debug|Any CPU
		{3BC5CD88-6515-4084-96F4-A8AF7E675CD5}.Release|Any CPU.ActiveCfg = Release|Any CPU
		{3BC5CD88-6515-4084-96F4-A8AF7E675CD5}.Release|Any CPU.Build.0 = Release|Any CPU
		{388218CB-CD29-4C39-B2F2-265638802202}.Debug|Any CPU.ActiveCfg = Debug|Any CPU
		{388218CB-CD29-4C39-B2F2-265638802202}.Debug|Any CPU.Build.0 = Debug|Any CPU
		{388218CB-CD29-4C39-B2F2-265638802202}.Debug|Any CPU.Deploy.0 = Debug|Any CPU
		{388218CB-CD29-4C39-B2F2-265638802202}.Release|Any CPU.ActiveCfg = Release|Any CPU
		{388218CB-CD29-4C39-B2F2-265638802202}.Release|Any CPU.Build.0 = Release|Any CPU
		{388218CB-CD29-4C39-B2F2-265638802202}.Release|Any CPU.Deploy.0 = Release|Any CPU
		{C085BD20-CAA5-4791-9D8A-90BF3DC1CBBB}.Debug|Any CPU.ActiveCfg = Debug|Any CPU
		{C085BD20-CAA5-4791-9D8A-90BF3DC1CBBB}.Debug|Any CPU.Build.0 = Debug|Any CPU
		{C085BD20-CAA5-4791-9D8A-90BF3DC1CBBB}.Release|Any CPU.ActiveCfg = Release|Any CPU
		{C085BD20-CAA5-4791-9D8A-90BF3DC1CBBB}.Release|Any CPU.Build.0 = Release|Any CPU
		{A37A7B77-720B-4464-BBEA-979B6626C2DE}.Debug|Any CPU.ActiveCfg = Debug|Any CPU
		{A37A7B77-720B-4464-BBEA-979B6626C2DE}.Debug|Any CPU.Build.0 = Debug|Any CPU
		{A37A7B77-720B-4464-BBEA-979B6626C2DE}.Release|Any CPU.ActiveCfg = Release|Any CPU
		{A37A7B77-720B-4464-BBEA-979B6626C2DE}.Release|Any CPU.Build.0 = Release|Any CPU
		{2E44B5C9-D5A1-43BE-8C24-804273CDA4CA}.Debug|Any CPU.ActiveCfg = Debug|Any CPU
		{2E44B5C9-D5A1-43BE-8C24-804273CDA4CA}.Debug|Any CPU.Build.0 = Debug|Any CPU
		{2E44B5C9-D5A1-43BE-8C24-804273CDA4CA}.Release|Any CPU.ActiveCfg = Release|Any CPU
		{2E44B5C9-D5A1-43BE-8C24-804273CDA4CA}.Release|Any CPU.Build.0 = Release|Any CPU
	EndGlobalSection
	GlobalSection(SolutionProperties) = preSolution
		HideSolutionNode = FALSE
	EndGlobalSection
	GlobalSection(ExtensibilityGlobals) = postSolution
		SolutionGuid = {73C5FEB1-47D4-47E2-B8D4-06381BECBBCC}
	EndGlobalSection
EndGlobal
